// !$*UTF8*$!
{
	archiveVersion = 1;
	classes = {
	};
	objectVersion = 46;
	objects = {

/* Begin PBXBuildFile section */
		0A229BE4E929764CF0C7FC30 /* libPods.a in Frameworks */ = {isa = PBXBuildFile; fileRef = F7139FC17762E483E59F2773 /* libPods.a */; };
		B6DB69CB1A1A3D1F00E33A0A /* main.m in Sources */ = {isa = PBXBuildFile; fileRef = B6DB69CA1A1A3D1F00E33A0A /* main.m */; };
		B6DB69CE1A1A3D1F00E33A0A /* AppDelegate.m in Sources */ = {isa = PBXBuildFile; fileRef = B6DB69CD1A1A3D1F00E33A0A /* AppDelegate.m */; };
		B6DB69D11A1A3D1F00E33A0A /* ViewController.m in Sources */ = {isa = PBXBuildFile; fileRef = B6DB69D01A1A3D1F00E33A0A /* ViewController.m */; };
		B6DB69D41A1A3D1F00E33A0A /* Main.storyboard in Resources */ = {isa = PBXBuildFile; fileRef = B6DB69D21A1A3D1F00E33A0A /* Main.storyboard */; };
		B6DB69D61A1A3D1F00E33A0A /* Images.xcassets in Resources */ = {isa = PBXBuildFile; fileRef = B6DB69D51A1A3D1F00E33A0A /* Images.xcassets */; };
		B6DB69D91A1A3D1F00E33A0A /* LaunchScreen.xib in Resources */ = {isa = PBXBuildFile; fileRef = B6DB69D71A1A3D1F00E33A0A /* LaunchScreen.xib */; };
		B6DB69E51A1A3D2000E33A0A /* mknetworkXMLTests.m in Sources */ = {isa = PBXBuildFile; fileRef = B6DB69E41A1A3D2000E33A0A /* mknetworkXMLTests.m */; };
		B6DB69F11A1A466600E33A0A /* MyEngine.m in Sources */ = {isa = PBXBuildFile; fileRef = B6DB69F01A1A466600E33A0A /* MyEngine.m */; };
/* End PBXBuildFile section */

/* Begin PBXContainerItemProxy section */
		B6DB69DF1A1A3D2000E33A0A /* PBXContainerItemProxy */ = {
			isa = PBXContainerItemProxy;
			containerPortal = B6DB69BD1A1A3D1F00E33A0A /* Project object */;
			proxyType = 1;
			remoteGlobalIDString = B6DB69C41A1A3D1F00E33A0A;
			remoteInfo = mknetworkXML;
		};
/* End PBXContainerItemProxy section */

/* Begin PBXFileReference section */
		B6DB69C51A1A3D1F00E33A0A /* mknetworkXML.app */ = {isa = PBXFileReference; explicitFileType = wrapper.application; includeInIndex = 0; path = mknetworkXML.app; sourceTree = BUILT_PRODUCTS_DIR; };
		B6DB69C91A1A3D1F00E33A0A /* Info.plist */ = {isa = PBXFileReference; lastKnownFileType = text.plist.xml; path = Info.plist; sourceTree = "<group>"; };
		B6DB69CA1A1A3D1F00E33A0A /* main.m */ = {isa = PBXFileReference; lastKnownFileType = sourcecode.c.objc; path = main.m; sourceTree = "<group>"; };
		B6DB69CC1A1A3D1F00E33A0A /* AppDelegate.h */ = {isa = PBXFileReference; lastKnownFileType = sourcecode.c.h; path = AppDelegate.h; sourceTree = "<group>"; };
		B6DB69CD1A1A3D1F00E33A0A /* AppDelegate.m */ = {isa = PBXFileReference; lastKnownFileType = sourcecode.c.objc; path = AppDelegate.m; sourceTree = "<group>"; };
		B6DB69CF1A1A3D1F00E33A0A /* ViewController.h */ = {isa = PBXFileReference; lastKnownFileType = sourcecode.c.h; path = ViewController.h; sourceTree = "<group>"; };
		B6DB69D01A1A3D1F00E33A0A /* ViewController.m */ = {isa = PBXFileReference; lastKnownFileType = sourcecode.c.objc; path = ViewController.m; sourceTree = "<group>"; };
		B6DB69D31A1A3D1F00E33A0A /* Base */ = {isa = PBXFileReference; lastKnownFileType = file.storyboard; name = Base; path = Base.lproj/Main.storyboard; sourceTree = "<group>"; };
		B6DB69D51A1A3D1F00E33A0A /* Images.xcassets */ = {isa = PBXFileReference; lastKnownFileType = folder.assetcatalog; path = Images.xcassets; sourceTree = "<group>"; };
		B6DB69D81A1A3D1F00E33A0A /* Base */ = {isa = PBXFileReference; lastKnownFileType = file.xib; name = Base; path = Base.lproj/LaunchScreen.xib; sourceTree = "<group>"; };
		B6DB69DE1A1A3D2000E33A0A /* mknetworkXMLTests.xctest */ = {isa = PBXFileReference; explicitFileType = wrapper.cfbundle; includeInIndex = 0; path = mknetworkXMLTests.xctest; sourceTree = BUILT_PRODUCTS_DIR; };
		B6DB69E31A1A3D2000E33A0A /* Info.plist */ = {isa = PBXFileReference; lastKnownFileType = text.plist.xml; path = Info.plist; sourceTree = "<group>"; };
		B6DB69E41A1A3D2000E33A0A /* mknetworkXMLTests.m */ = {isa = PBXFileReference; lastKnownFileType = sourcecode.c.objc; path = mknetworkXMLTests.m; sourceTree = "<group>"; };
		B6DB69EF1A1A466600E33A0A /* MyEngine.h */ = {isa = PBXFileReference; fileEncoding = 4; lastKnownFileType = sourcecode.c.h; name = MyEngine.h; path = Engine/MyEngine.h; sourceTree = "<group>"; };
		B6DB69F01A1A466600E33A0A /* MyEngine.m */ = {isa = PBXFileReference; fileEncoding = 4; lastKnownFileType = sourcecode.c.objc; name = MyEngine.m; path = Engine/MyEngine.m; sourceTree = "<group>"; };
		BBC8098DB23B7412BDC648DE /* Pods.release.xcconfig */ = {isa = PBXFileReference; includeInIndex = 1; lastKnownFileType = text.xcconfig; name = Pods.release.xcconfig; path = "Pods/Target Support Files/Pods/Pods.release.xcconfig"; sourceTree = "<group>"; };
		F2CB5F8780BFCB5DC5C58A74 /* Pods.debug.xcconfig */ = {isa = PBXFileReference; includeInIndex = 1; lastKnownFileType = text.xcconfig; name = Pods.debug.xcconfig; path = "Pods/Target Support Files/Pods/Pods.debug.xcconfig"; sourceTree = "<group>"; };
		F7139FC17762E483E59F2773 /* libPods.a */ = {isa = PBXFileReference; explicitFileType = archive.ar; includeInIndex = 0; path = libPods.a; sourceTree = BUILT_PRODUCTS_DIR; };
/* End PBXFileReference section */

/* Begin PBXFrameworksBuildPhase section */
		B6DB69C21A1A3D1F00E33A0A /* Frameworks */ = {
			isa = PBXFrameworksBuildPhase;
			buildActionMask = 2147483647;
			files = (
				0A229BE4E929764CF0C7FC30 /* libPods.a in Frameworks */,
			);
			runOnlyForDeploymentPostprocessing = 0;
		};
		B6DB69DB1A1A3D2000E33A0A /* Frameworks */ = {
			isa = PBXFrameworksBuildPhase;
			buildActionMask = 2147483647;
			files = (
			);
			runOnlyForDeploymentPostprocessing = 0;
		};
/* End PBXFrameworksBuildPhase section */

/* Begin PBXGroup section */
		1F4076091391DC996019E0E7 /* Pods */ = {
			isa = PBXGroup;
			children = (
				F2CB5F8780BFCB5DC5C58A74 /* Pods.debug.xcconfig */,
				BBC8098DB23B7412BDC648DE /* Pods.release.xcconfig */,
			);
			name = Pods;
			sourceTree = "<group>";
		};
		808C44138D3C9ABC458F2E36 /* Frameworks */ = {
			isa = PBXGroup;
			children = (
				F7139FC17762E483E59F2773 /* libPods.a */,
			);
			name = Frameworks;
			sourceTree = "<group>";
		};
		B6DB69BC1A1A3D1F00E33A0A = {
			isa = PBXGroup;
			children = (
				B6DB69EF1A1A466600E33A0A /* MyEngine.h */,
				B6DB69F01A1A466600E33A0A /* MyEngine.m */,
				B6DB69C71A1A3D1F00E33A0A /* mknetworkXML */,
				B6DB69E11A1A3D2000E33A0A /* mknetworkXMLTests */,
				B6DB69C61A1A3D1F00E33A0A /* Products */,
				1F4076091391DC996019E0E7 /* Pods */,
				808C44138D3C9ABC458F2E36 /* Frameworks */,
			);
			sourceTree = "<group>";
		};
		B6DB69C61A1A3D1F00E33A0A /* Products */ = {
			isa = PBXGroup;
			children = (
				B6DB69C51A1A3D1F00E33A0A /* mknetworkXML.app */,
				B6DB69DE1A1A3D2000E33A0A /* mknetworkXMLTests.xctest */,
			);
			name = Products;
			sourceTree = "<group>";
		};
		B6DB69C71A1A3D1F00E33A0A /* mknetworkXML */ = {
			isa = PBXGroup;
			children = (
				B6DB69CC1A1A3D1F00E33A0A /* AppDelegate.h */,
				B6DB69CD1A1A3D1F00E33A0A /* AppDelegate.m */,
				B6DB69CF1A1A3D1F00E33A0A /* ViewController.h */,
				B6DB69D01A1A3D1F00E33A0A /* ViewController.m */,
				B6DB69D21A1A3D1F00E33A0A /* Main.storyboard */,
				B6DB69D51A1A3D1F00E33A0A /* Images.xcassets */,
				B6DB69D71A1A3D1F00E33A0A /* LaunchScreen.xib */,
				B6DB69C81A1A3D1F00E33A0A /* Supporting Files */,
			);
			path = mknetworkXML;
			sourceTree = "<group>";
		};
		B6DB69C81A1A3D1F00E33A0A /* Supporting Files */ = {
			isa = PBXGroup;
			children = (
				B6DB69C91A1A3D1F00E33A0A /* Info.plist */,
				B6DB69CA1A1A3D1F00E33A0A /* main.m */,
			);
			name = "Supporting Files";
			sourceTree = "<group>";
		};
		B6DB69E11A1A3D2000E33A0A /* mknetworkXMLTests */ = {
			isa = PBXGroup;
			children = (
				B6DB69E41A1A3D2000E33A0A /* mknetworkXMLTests.m */,
				B6DB69E21A1A3D2000E33A0A /* Supporting Files */,
			);
			path = mknetworkXMLTests;
			sourceTree = "<group>";
		};
		B6DB69E21A1A3D2000E33A0A /* Supporting Files */ = {
			isa = PBXGroup;
			children = (
				B6DB69E31A1A3D2000E33A0A /* Info.plist */,
			);
			name = "Supporting Files";
			sourceTree = "<group>";
		};
/* End PBXGroup section */

/* Begin PBXNativeTarget section */
		B6DB69C41A1A3D1F00E33A0A /* mknetworkXML */ = {
			isa = PBXNativeTarget;
			buildConfigurationList = B6DB69E81A1A3D2000E33A0A /* Build configuration list for PBXNativeTarget "mknetworkXML" */;
			buildPhases = (
				A26076438234358AADE58A76 /* Check Pods Manifest.lock */,
				B6DB69C11A1A3D1F00E33A0A /* Sources */,
				B6DB69C21A1A3D1F00E33A0A /* Frameworks */,
				B6DB69C31A1A3D1F00E33A0A /* Resources */,
				48264AD95357FF04866D9240 /* Copy Pods Resources */,
			);
			buildRules = (
			);
			dependencies = (
			);
			name = mknetworkXML;
			productName = mknetworkXML;
			productReference = B6DB69C51A1A3D1F00E33A0A /* mknetworkXML.app */;
			productType = "com.apple.product-type.application";
		};
		B6DB69DD1A1A3D2000E33A0A /* mknetworkXMLTests */ = {
			isa = PBXNativeTarget;
			buildConfigurationList = B6DB69EB1A1A3D2000E33A0A /* Build configuration list for PBXNativeTarget "mknetworkXMLTests" */;
			buildPhases = (
				B6DB69DA1A1A3D2000E33A0A /* Sources */,
				B6DB69DB1A1A3D2000E33A0A /* Frameworks */,
				B6DB69DC1A1A3D2000E33A0A /* Resources */,
			);
			buildRules = (
			);
			dependencies = (
				B6DB69E01A1A3D2000E33A0A /* PBXTargetDependency */,
			);
			name = mknetworkXMLTests;
			productName = mknetworkXMLTests;
			productReference = B6DB69DE1A1A3D2000E33A0A /* mknetworkXMLTests.xctest */;
			productType = "com.apple.product-type.bundle.unit-test";
		};
/* End PBXNativeTarget section */

/* Begin PBXProject section */
		B6DB69BD1A1A3D1F00E33A0A /* Project object */ = {
			isa = PBXProject;
			attributes = {
				LastUpgradeCheck = 0610;
				ORGANIZATIONNAME = "Nikhil Chandran";
				TargetAttributes = {
					B6DB69C41A1A3D1F00E33A0A = {
						CreatedOnToolsVersion = 6.1;
					};
					B6DB69DD1A1A3D2000E33A0A = {
						CreatedOnToolsVersion = 6.1;
						TestTargetID = B6DB69C41A1A3D1F00E33A0A;
					};
				};
			};
			buildConfigurationList = B6DB69C01A1A3D1F00E33A0A /* Build configuration list for PBXProject "mknetworkXML" */;
			compatibilityVersion = "Xcode 3.2";
			developmentRegion = English;
			hasScannedForEncodings = 0;
			knownRegions = (
				en,
				Base,
			);
			mainGroup = B6DB69BC1A1A3D1F00E33A0A;
			productRefGroup = B6DB69C61A1A3D1F00E33A0A /* Products */;
			projectDirPath = "";
			projectRoot = "";
			targets = (
				B6DB69C41A1A3D1F00E33A0A /* mknetworkXML */,
				B6DB69DD1A1A3D2000E33A0A /* mknetworkXMLTests */,
			);
		};
/* End PBXProject section */

/* Begin PBXResourcesBuildPhase section */
		B6DB69C31A1A3D1F00E33A0A /* Resources */ = {
			isa = PBXResourcesBuildPhase;
			buildActionMask = 2147483647;
			files = (
				B6DB69D41A1A3D1F00E33A0A /* Main.storyboard in Resources */,
				B6DB69D91A1A3D1F00E33A0A /* LaunchScreen.xib in Resources */,
				B6DB69D61A1A3D1F00E33A0A /* Images.xcassets in Resources */,
			);
			runOnlyForDeploymentPostprocessing = 0;
		};
		B6DB69DC1A1A3D2000E33A0A /* Resources */ = {
			isa = PBXResourcesBuildPhase;
			buildActionMask = 2147483647;
			files = (
			);
			runOnlyForDeploymentPostprocessing = 0;
		};
/* End PBXResourcesBuildPhase section */

/* Begin PBXShellScriptBuildPhase section */
		48264AD95357FF04866D9240 /* Copy Pods Resources */ = {
			isa = PBXShellScriptBuildPhase;
			buildActionMask = 2147483647;
			files = (
			);
			inputPaths = (
			);
			name = "Copy Pods Resources";
			outputPaths = (
			);
			runOnlyForDeploymentPostprocessing = 0;
			shellPath = /bin/sh;
			shellScript = "\"${SRCROOT}/Pods/Target Support Files/Pods/Pods-resources.sh\"\n";
			showEnvVarsInLog = 0;
		};
		A26076438234358AADE58A76 /* Check Pods Manifest.lock */ = {
			isa = PBXShellScriptBuildPhase;
			buildActionMask = 2147483647;
			files = (
			);
			inputPaths = (
			);
			name = "Check Pods Manifest.lock";
			outputPaths = (
			);
			runOnlyForDeploymentPostprocessing = 0;
			shellPath = /bin/sh;
			shellScript = "diff \"${PODS_ROOT}/../Podfile.lock\" \"${PODS_ROOT}/Manifest.lock\" > /dev/null\nif [[ $? != 0 ]] ; then\n    cat << EOM\nerror: The sandbox is not in sync with the Podfile.lock. Run 'pod install' or update your CocoaPods installation.\nEOM\n    exit 1\nfi\n";
			showEnvVarsInLog = 0;
		};
/* End PBXShellScriptBuildPhase section */

/* Begin PBXSourcesBuildPhase section */
		B6DB69C11A1A3D1F00E33A0A /* Sources */ = {
			isa = PBXSourcesBuildPhase;
			buildActionMask = 2147483647;
			files = (
				B6DB69D11A1A3D1F00E33A0A /* ViewController.m in Sources */,
				B6DB69F11A1A466600E33A0A /* MyEngine.m in Sources */,
				B6DB69CE1A1A3D1F00E33A0A /* AppDelegate.m in Sources */,
				B6DB69CB1A1A3D1F00E33A0A /* main.m in Sources */,
			);
			runOnlyForDeploymentPostprocessing = 0;
		};
		B6DB69DA1A1A3D2000E33A0A /* Sources */ = {
			isa = PBXSourcesBuildPhase;
			buildActionMask = 2147483647;
			files = (
				B6DB69E51A1A3D2000E33A0A /* mknetworkXMLTests.m in Sources */,
			);
			runOnlyForDeploymentPostprocessing = 0;
		};
/* End PBXSourcesBuildPhase section */

/* Begin PBXTargetDependency section */
		B6DB69E01A1A3D2000E33A0A /* PBXTargetDependency */ = {
			isa = PBXTargetDependency;
			target = B6DB69C41A1A3D1F00E33A0A /* mknetworkXML */;
			targetProxy = B6DB69DF1A1A3D2000E33A0A /* PBXContainerItemProxy */;
		};
/* End PBXTargetDependency section */

/* Begin PBXVariantGroup section */
		B6DB69D21A1A3D1F00E33A0A /* Main.storyboard */ = {
			isa = PBXVariantGroup;
			children = (
				B6DB69D31A1A3D1F00E33A0A /* Base */,
			);
			name = Main.storyboard;
			sourceTree = "<group>";
		};
		B6DB69D71A1A3D1F00E33A0A /* LaunchScreen.xib */ = {
			isa = PBXVariantGroup;
			children = (
				B6DB69D81A1A3D1F00E33A0A /* Base */,
			);
			name = LaunchScreen.xib;
			sourceTree = "<group>";
		};
/* End PBXVariantGroup section */

/* Begin XCBuildConfiguration section */
		B6DB69E61A1A3D2000E33A0A /* Debug */ = {
			isa = XCBuildConfiguration;
			buildSettings = {
				ALWAYS_SEARCH_USER_PATHS = NO;
				CLANG_CXX_LANGUAGE_STANDARD = "gnu++0x";
				CLANG_CXX_LIBRARY = "libc++";
				CLANG_ENABLE_MODULES = YES;
				CLANG_ENABLE_OBJC_ARC = YES;
				CLANG_WARN_BOOL_CONVERSION = YES;
				CLANG_WARN_CONSTANT_CONVERSION = YES;
				CLANG_WARN_DIRECT_OBJC_ISA_USAGE = YES_ERROR;
				CLANG_WARN_EMPTY_BODY = YES;
				CLANG_WARN_ENUM_CONVERSION = YES;
				CLANG_WARN_INT_CONVERSION = YES;
				CLANG_WARN_OBJC_ROOT_CLASS = YES_ERROR;
				CLANG_WARN_UNREACHABLE_CODE = YES;
				CLANG_WARN__DUPLICATE_METHOD_MATCH = YES;
				"CODE_SIGN_IDENTITY[sdk=iphoneos*]" = "iPhone Developer";
				COPY_PHASE_STRIP = NO;
				ENABLE_STRICT_OBJC_MSGSEND = YES;
				GCC_C_LANGUAGE_STANDARD = gnu99;
				GCC_DYNAMIC_NO_PIC = NO;
				GCC_OPTIMIZATION_LEVEL = 0;
				GCC_PREPROCESSOR_DEFINITIONS = (
					"DEBUG=1",
					"$(inherited)",
				);
				GCC_SYMBOLS_PRIVATE_EXTERN = NO;
				GCC_WARN_64_TO_32_BIT_CONVERSION = YES;
				GCC_WARN_ABOUT_RETURN_TYPE = YES_ERROR;
				GCC_WARN_UNDECLARED_SELECTOR = YES;
				GCC_WARN_UNINITIALIZED_AUTOS = YES_AGGRESSIVE;
				GCC_WARN_UNUSED_FUNCTION = YES;
				GCC_WARN_UNUSED_VARIABLE = YES;
				IPHONEOS_DEPLOYMENT_TARGET = 7.0;
				MTL_ENABLE_DEBUG_INFO = YES;
				ONLY_ACTIVE_ARCH = YES;
				SDKROOT = iphoneos;
				TARGETED_DEVICE_FAMILY = "1,2";
			};
			name = Debug;
		};
		B6DB69E71A1A3D2000E33A0A /* Release */ = {
			isa = XCBuildConfiguration;
			buildSettings = {
				ALWAYS_SEARCH_USER_PATHS = NO;
				CLANG_CXX_LANGUAGE_STANDARD = "gnu++0x";
				CLANG_CXX_LIBRARY = "libc++";
				CLANG_ENABLE_MODULES = YES;
				CLANG_ENABLE_OBJC_ARC = YES;
				CLANG_WARN_BOOL_CONVERSION = YES;
				CLANG_WARN_CONSTANT_CONVERSION = YES;
				CLANG_WARN_DIRECT_OBJC_ISA_USAGE = YES_ERROR;
				CLANG_WARN_EMPTY_BODY = YES;
				CLANG_WARN_ENUM_CONVERSION = YES;
				CLANG_WARN_INT_CONVERSION = YES;
				CLANG_WARN_OBJC_ROOT_CLASS = YES_ERROR;
				CLANG_WARN_UNREACHABLE_CODE = YES;
				CLANG_WARN__DUPLICATE_METHOD_MATCH = YES;
				"CODE_SIGN_IDENTITY[sdk=iphoneos*]" = "iPhone Developer";
				COPY_PHASE_STRIP = YES;
				ENABLE_NS_ASSERTIONS = NO;
				ENABLE_STRICT_OBJC_MSGSEND = YES;
				GCC_C_LANGUAGE_STANDARD = gnu99;
				GCC_WARN_64_TO_32_BIT_CONVERSION = YES;
				GCC_WARN_ABOUT_RETURN_TYPE = YES_ERROR;
				GCC_WARN_UNDECLARED_SELECTOR = YES;
				GCC_WARN_UNINITIALIZED_AUTOS = YES_AGGRESSIVE;
				GCC_WARN_UNUSED_FUNCTION = YES;
				GCC_WARN_UNUSED_VARIABLE = YES;
				IPHONEOS_DEPLOYMENT_TARGET = 7.0;
				MTL_ENABLE_DEBUG_INFO = NO;
				SDKROOT = iphoneos;
				TARGETED_DEVICE_FAMILY = "1,2";
				VALIDATE_PRODUCT = YES;
			};
			name = Release;
		};
		B6DB69E91A1A3D2000E33A0A /* Debug */ = {
			isa = XCBuildConfiguration;
			baseConfigurationReference = F2CB5F8780BFCB5DC5C58A74 /* Pods.debug.xcconfig */;
			buildSettings = {
				ASSETCATALOG_COMPILER_APPICON_NAME = AppIcon;
				INFOPLIST_FILE = mknetworkXML/Info.plist;
				LD_RUNPATH_SEARCH_PATHS = "$(inherited) @executable_path/Frameworks";
				PRODUCT_NAME = "$(TARGET_NAME)";
			};
			name = Debug;
		};
		B6DB69EA1A1A3D2000E33A0A /* Release */ = {
			isa = XCBuildConfiguration;
			baseConfigurationReference = BBC8098DB23B7412BDC648DE /* Pods.release.xcconfig */;
			buildSettings = {
				ASSETCATALOG_COMPILER_APPICON_NAME = AppIcon;
				INFOPLIST_FILE = mknetworkXML/Info.plist;
				LD_RUNPATH_SEARCH_PATHS = "$(inherited) @executable_path/Frameworks";
				PRODUCT_NAME = "$(TARGET_NAME)";
			};
			name = Release;
		};
		B6DB69EC1A1A3D2000E33A0A /* Debug */ = {
			isa = XCBuildConfiguration;
			buildSettings = {
				BUNDLE_LOADER = "$(TEST_HOST)";
				FRAMEWORK_SEARCH_PATHS = (
					"$(SDKROOT)/Developer/Library/Frameworks",
					"$(inherited)",
				);
				GCC_PREPROCESSOR_DEFINITIONS = (
					"DEBUG=1",
					"$(inherited)",
				);
				INFOPLIST_FILE = mknetworkXMLTests/Info.plist;
				LD_RUNPATH_SEARCH_PATHS = "$(inherited) @executable_path/Frameworks @loader_path/Frameworks";
				PRODUCT_NAME = "$(TARGET_NAME)";
				TEST_HOST = "$(BUILT_PRODUCTS_DIR)/mknetworkXML.app/mknetworkXML";
			};
			name = Debug;
		};
		B6DB69ED1A1A3D2000E33A0A /* Release */ = {
			isa = XCBuildConfiguration;
			buildSettings = {
				BUNDLE_LOADER = "$(TEST_HOST)";
				FRAMEWORK_SEARCH_PATHS = (
					"$(SDKROOT)/Developer/Library/Frameworks",
					"$(inherited)",
				);
				INFOPLIST_FILE = mknetworkXMLTests/Info.plist;
				LD_RUNPATH_SEARCH_PATHS = "$(inherited) @executable_path/Frameworks @loader_path/Frameworks";
				PRODUCT_NAME = "$(TARGET_NAME)";
				TEST_HOST = "$(BUILT_PRODUCTS_DIR)/mknetworkXML.app/mknetworkXML";
			};
			name = Release;
		};
/* End XCBuildConfiguration section */

/* Begin XCConfigurationList section */
		B6DB69C01A1A3D1F00E33A0A /* Build configuration list for PBXProject "mknetworkXML" */ = {
			isa = XCConfigurationList;
			buildConfigurations = (
				B6DB69E61A1A3D2000E33A0A /* Debug */,
				B6DB69E71A1A3D2000E33A0A /* Release */,
			);
			defaultConfigurationIsVisible = 0;
			defaultConfigurationName = Release;
		};
		B6DB69E81A1A3D2000E33A0A /* Build configuration list for PBXNativeTarget "mknetworkXML" */ = {
			isa = XCConfigurationList;
			buildConfigurations = (
				B6DB69E91A1A3D2000E33A0A /* Debug */,
				B6DB69EA1A1A3D2000E33A0A /* Release */,
			);
			defaultConfigurationIsVisible = 0;
			defaultConfigurationName = Release;
		};
		B6DB69EB1A1A3D2000E33A0A /* Build configuration list for PBXNativeTarget "mknetworkXMLTests" */ = {
			isa = XCConfigurationList;
			buildConfigurations = (
				B6DB69EC1A1A3D2000E33A0A /* Debug */,
				B6DB69ED1A1A3D2000E33A0A /* Release */,
			);
			defaultConfigurationIsVisible = 0;
			defaultConfigurationName = Release;
		};
/* End XCConfigurationList section */
	};
	rootObject = B6DB69BD1A1A3D1F00E33A0A /* Project object */;
}
